
Microsoft Visual Studio Solution File, Format Version 12.00
# Visual Studio Version 17
VisualStudioVersion = 17.7.34202.233
MinimumVisualStudioVersion = 10.0.40219.1
Project("{9A19103F-16F7-4668-BE54-9A1E7A4F7556}") = "Nop.Plugin.Mesut.DiscountManager", "Nop.Plugin.Mesut.DiscountManager.csproj", "{ECF3A77A-E033-475D-99BA-21A0EB390AE6}"
EndProject
Global
	GlobalSection(SolutionConfigurationPlatforms) = preSolution
		Debug|Any CPU = Debug|Any CPU
		Release|Any CPU = Release|Any CPU
	EndGlobalSection
	GlobalSection(ProjectConfigurationPlatforms) = postSolution
		{ECF3A77A-E033-475D-99BA-21A0EB390AE6}.Debug|Any CPU.ActiveCfg = Debug|Any CPU
		{ECF3A77A-E033-475D-99BA-21A0EB390AE6}.Debug|Any CPU.Build.0 = Debug|Any CPU
		{ECF3A77A-E033-475D-99BA-21A0EB390AE6}.Release|Any CPU.ActiveCfg = Release|Any CPU
		{ECF3A77A-E033-475D-99BA-21A0EB390AE6}.Release|Any CPU.Build.0 = Release|Any CPU
	EndGlobalSection
	GlobalSection(SolutionProperties) = preSolution
		HideSolutionNode = FALSE
	EndGlobalSection
	GlobalSection(ExtensibilityGlobals) = postSolution
		SolutionGuid = {468A256E-FB90-49CE-A052-D6B59D3F076D}
	EndGlobalSection
EndGlobal
